
Microsoft Visual Studio Solution File, Format Version 12.00
# Visual Studio Version 17
VisualStudioVersion = 17.14.36616.10 d17.14
MinimumVisualStudioVersion = 10.0.40219.1
Project("{FAE04EC0-301F-11D3-BF4B-00C04F79EFBC}") = "QuanLyKhachSan", "QuanLyKhachSan\QuanLyKhachSan.csproj", "{B50CBD15-48E1-4376-B47D-D51FC79D5E7D}"
EndProject
Global
	GlobalSection(SolutionConfigurationPlatforms) = preSolution
		Debug|Any CPU = Debug|Any CPU
		Release|Any CPU = Release|Any CPU
	EndGlobalSection
	GlobalSection(ProjectConfigurationPlatforms) = postSolution
		{B50CBD15-48E1-4376-B47D-D51FC79D5E7D}.Debug|Any CPU.ActiveCfg = Debug|Any CPU
		{B50CBD15-48E1-4376-B47D-D51FC79D5E7D}.Debug|Any CPU.Build.0 = Debug|Any CPU
		{B50CBD15-48E1-4376-B47D-D51FC79D5E7D}.Release|Any CPU.ActiveCfg = Release|Any CPU
		{B50CBD15-48E1-4376-B47D-D51FC79D5E7D}.Release|Any CPU.Build.0 = Release|Any CPU
	EndGlobalSection
	GlobalSection(SolutionProperties) = preSolution
		HideSolutionNode = FALSE
	EndGlobalSection
	GlobalSection(ExtensibilityGlobals) = postSolution
		SolutionGuid = {C0C8A584-3E7F-4060-B342-A0562E460397}
	EndGlobalSection
EndGlobal
